
Microsoft Visual Studio Solution File, Format Version 12.00
# Visual Studio Version 17
VisualStudioVersion = 17.7.34031.279
MinimumVisualStudioVersion = 10.0.40219.1
Project("{FAE04EC0-301F-11D3-BF4B-00C04F79EFBC}") = "LearnNet_CatalogService", "LearnNet_CatalogService\LearnNet_CatalogService.csproj", "{1F1B8BC4-FDFE-4F0A-A86D-84E66B4A63E9}"
EndProject
Project("{FAE04EC0-301F-11D3-BF4B-00C04F79EFBC}") = "LearnNet_CatalogService.Domain", "Domain\LearnNet_CatalogService.Domain.csproj", "{D57B803C-BD0F-4FF7-8080-1D9135F69233}"
EndProject
Project("{FAE04EC0-301F-11D3-BF4B-00C04F79EFBC}") = "LearnNet_CatalogService.Core", "Core\LearnNet_CatalogService.Core.csproj", "{0589CAE3-88B0-4F20-A907-DF1F1C6EDE37}"
EndProject
Project("{FAE04EC0-301F-11D3-BF4B-00C04F79EFBC}") = "LearnNet_CatalogService.Infrastructure", "Infrastructure\LearnNet_CatalogService.Infrastructure.csproj", "{C4470BC9-B421-463A-8843-72D0AEE434C6}"
EndProject
Global
	GlobalSection(SolutionConfigurationPlatforms) = preSolution
		Debug|Any CPU = Debug|Any CPU
		Release|Any CPU = Release|Any CPU
	EndGlobalSection
	GlobalSection(ProjectConfigurationPlatforms) = postSolution
		{1F1B8BC4-FDFE-4F0A-A86D-84E66B4A63E9}.Debug|Any CPU.ActiveCfg = Debug|Any CPU
		{1F1B8BC4-FDFE-4F0A-A86D-84E66B4A63E9}.Debug|Any CPU.Build.0 = Debug|Any CPU
		{1F1B8BC4-FDFE-4F0A-A86D-84E66B4A63E9}.Release|Any CPU.ActiveCfg = Release|Any CPU
		{1F1B8BC4-FDFE-4F0A-A86D-84E66B4A63E9}.Release|Any CPU.Build.0 = Release|Any CPU
		{D57B803C-BD0F-4FF7-8080-1D9135F69233}.Debug|Any CPU.ActiveCfg = Debug|Any CPU
		{D57B803C-BD0F-4FF7-8080-1D9135F69233}.Debug|Any CPU.Build.0 = Debug|Any CPU
		{D57B803C-BD0F-4FF7-8080-1D9135F69233}.Release|Any CPU.ActiveCfg = Release|Any CPU
		{D57B803C-BD0F-4FF7-8080-1D9135F69233}.Release|Any CPU.Build.0 = Release|Any CPU
		{0589CAE3-88B0-4F20-A907-DF1F1C6EDE37}.Debug|Any CPU.ActiveCfg = Debug|Any CPU
		{0589CAE3-88B0-4F20-A907-DF1F1C6EDE37}.Debug|Any CPU.Build.0 = Debug|Any CPU
		{0589CAE3-88B0-4F20-A907-DF1F1C6EDE37}.Release|Any CPU.ActiveCfg = Release|Any CPU
		{0589CAE3-88B0-4F20-A907-DF1F1C6EDE37}.Release|Any CPU.Build.0 = Release|Any CPU
		{C4470BC9-B421-463A-8843-72D0AEE434C6}.Debug|Any CPU.ActiveCfg = Debug|Any CPU
		{C4470BC9-B421-463A-8843-72D0AEE434C6}.Debug|Any CPU.Build.0 = Debug|Any CPU
		{C4470BC9-B421-463A-8843-72D0AEE434C6}.Release|Any CPU.ActiveCfg = Release|Any CPU
		{C4470BC9-B421-463A-8843-72D0AEE434C6}.Release|Any CPU.Build.0 = Release|Any CPU
	EndGlobalSection
	GlobalSection(SolutionProperties) = preSolution
		HideSolutionNode = FALSE
	EndGlobalSection
	GlobalSection(ExtensibilityGlobals) = postSolution
		SolutionGuid = {F96084DE-936F-4339-9D55-2E259A09D0DB}
	EndGlobalSection
EndGlobal
